
Microsoft Visual Studio Solution File, Format Version 12.00
# Visual Studio Version 17
VisualStudioVersion = 17.7.34003.232
MinimumVisualStudioVersion = 10.0.40219.1
Project("{9A19103F-16F7-4668-BE54-9A1E7A4F7556}") = "ApiSample", "ApiSample.csproj", "{88969787-3AA1-480A-82BB-F032F6A70679}"
EndProject
Project("{E53339B2-1760-4266-BCC7-CA923CBCF16C}") = "docker-compose", "docker-compose.dcproj", "{936065AF-520F-4BFE-8E59-2DCA14E4ADBE}"
EndProject
Global
	GlobalSection(SolutionConfigurationPlatforms) = preSolution
		Debug|Any CPU = Debug|Any CPU
		Release|Any CPU = Release|Any CPU
	EndGlobalSection
	GlobalSection(ProjectConfigurationPlatforms) = postSolution
		{88969787-3AA1-480A-82BB-F032F6A70679}.Debug|Any CPU.ActiveCfg = Debug|Any CPU
		{88969787-3AA1-480A-82BB-F032F6A70679}.Debug|Any CPU.Build.0 = Debug|Any CPU
		{88969787-3AA1-480A-82BB-F032F6A70679}.Release|Any CPU.ActiveCfg = Release|Any CPU
		{88969787-3AA1-480A-82BB-F032F6A70679}.Release|Any CPU.Build.0 = Release|Any CPU
		{936065AF-520F-4BFE-8E59-2DCA14E4ADBE}.Debug|Any CPU.ActiveCfg = Debug|Any CPU
		{936065AF-520F-4BFE-8E59-2DCA14E4ADBE}.Debug|Any CPU.Build.0 = Debug|Any CPU
		{936065AF-520F-4BFE-8E59-2DCA14E4ADBE}.Release|Any CPU.ActiveCfg = Release|Any CPU
		{936065AF-520F-4BFE-8E59-2DCA14E4ADBE}.Release|Any CPU.Build.0 = Release|Any CPU
	EndGlobalSection
	GlobalSection(SolutionProperties) = preSolution
		HideSolutionNode = FALSE
	EndGlobalSection
	GlobalSection(ExtensibilityGlobals) = postSolution
		SolutionGuid = {096A6590-1420-4277-A3EE-8E1C51717709}
	EndGlobalSection
EndGlobal
